
Microsoft Visual Studio Solution File, Format Version 12.00
# Visual Studio Version 16
VisualStudioVersion = 16.0.30804.86
MinimumVisualStudioVersion = 10.0.40219.1
Project("{FAE04EC0-301F-11D3-BF4B-00C04F79EFBC}") = "EmlakOfisi", "EmlakOfisi\EmlakOfisi.csproj", "{4A9B6D44-549A-4248-859B-98A08203436C}"
EndProject
Project("{FAE04EC0-301F-11D3-BF4B-00C04F79EFBC}") = "EmlakOfisi.Bll", "EmlakOfisi.Bll\EmlakOfisi.Bll.csproj", "{DA0CDBD2-DD1E-4AB7-8C6B-6B6BCAFB1D3C}"
EndProject
Project("{FAE04EC0-301F-11D3-BF4B-00C04F79EFBC}") = "EmlakOfisi.Dal", "EmlakOfisi.Dal\EmlakOfisi.Dal.csproj", "{0C8C672D-8300-4494-8A51-7BDD508C0974}"
EndProject
Project("{FAE04EC0-301F-11D3-BF4B-00C04F79EFBC}") = "EmlakOfisi.Entities", "EmlakOfisi.Entities\EmlakOfisi.Entities.csproj", "{35E3099D-F7A7-4E39-9384-DDD561F032A5}"
EndProject
Project("{FAE04EC0-301F-11D3-BF4B-00C04F79EFBC}") = "EmlakOfisi.Interfaces", "EmlakOfisi.Interfaces\EmlakOfisi.Interfaces.csproj", "{89A209C0-43BA-494D-A7D1-23BD945A9E83}"
EndProject
Global
	GlobalSection(SolutionConfigurationPlatforms) = preSolution
		Debug|Any CPU = Debug|Any CPU
		Release|Any CPU = Release|Any CPU
	EndGlobalSection
	GlobalSection(ProjectConfigurationPlatforms) = postSolution
		{4A9B6D44-549A-4248-859B-98A08203436C}.Debug|Any CPU.ActiveCfg = Debug|Any CPU
		{4A9B6D44-549A-4248-859B-98A08203436C}.Debug|Any CPU.Build.0 = Debug|Any CPU
		{4A9B6D44-549A-4248-859B-98A08203436C}.Release|Any CPU.ActiveCfg = Release|Any CPU
		{4A9B6D44-549A-4248-859B-98A08203436C}.Release|Any CPU.Build.0 = Release|Any CPU
		{DA0CDBD2-DD1E-4AB7-8C6B-6B6BCAFB1D3C}.Debug|Any CPU.ActiveCfg = Debug|Any CPU
		{DA0CDBD2-DD1E-4AB7-8C6B-6B6BCAFB1D3C}.Debug|Any CPU.Build.0 = Debug|Any CPU
		{DA0CDBD2-DD1E-4AB7-8C6B-6B6BCAFB1D3C}.Release|Any CPU.ActiveCfg = Release|Any CPU
		{DA0CDBD2-DD1E-4AB7-8C6B-6B6BCAFB1D3C}.Release|Any CPU.Build.0 = Release|Any CPU
		{0C8C672D-8300-4494-8A51-7BDD508C0974}.Debug|Any CPU.ActiveCfg = Debug|Any CPU
		{0C8C672D-8300-4494-8A51-7BDD508C0974}.Debug|Any CPU.Build.0 = Debug|Any CPU
		{0C8C672D-8300-4494-8A51-7BDD508C0974}.Release|Any CPU.ActiveCfg = Release|Any CPU
		{0C8C672D-8300-4494-8A51-7BDD508C0974}.Release|Any CPU.Build.0 = Release|Any CPU
		{35E3099D-F7A7-4E39-9384-DDD561F032A5}.Debug|Any CPU.ActiveCfg = Debug|Any CPU
		{35E3099D-F7A7-4E39-9384-DDD561F032A5}.Debug|Any CPU.Build.0 = Debug|Any CPU
		{35E3099D-F7A7-4E39-9384-DDD561F032A5}.Release|Any CPU.ActiveCfg = Release|Any CPU
		{35E3099D-F7A7-4E39-9384-DDD561F032A5}.Release|Any CPU.Build.0 = Release|Any CPU
		{89A209C0-43BA-494D-A7D1-23BD945A9E83}.Debug|Any CPU.ActiveCfg = Debug|Any CPU
		{89A209C0-43BA-494D-A7D1-23BD945A9E83}.Debug|Any CPU.Build.0 = Debug|Any CPU
		{89A209C0-43BA-494D-A7D1-23BD945A9E83}.Release|Any CPU.ActiveCfg = Release|Any CPU
		{89A209C0-43BA-494D-A7D1-23BD945A9E83}.Release|Any CPU.Build.0 = Release|Any CPU
	EndGlobalSection
	GlobalSection(SolutionProperties) = preSolution
		HideSolutionNode = FALSE
	EndGlobalSection
	GlobalSection(ExtensibilityGlobals) = postSolution
		SolutionGuid = {DC822173-853C-417E-82C8-B6ABA0EA6AF7}
	EndGlobalSection
EndGlobal
